
Microsoft Visual Studio Solution File, Format Version 12.00
# Visual Studio 15
VisualStudioVersion = 15.0.26730.16
MinimumVisualStudioVersion = 10.0.40219.1
Project("{8BC9CEB8-8B4A-11D0-8D11-00A0C91BC942}") = "sanke", "sanke.vcxproj", "{24C6AFFF-FBC2-4C0E-A5A0-91B54C033A40}"
EndProject
Global
	GlobalSection(SolutionConfigurationPlatforms) = preSolution
		Debug|x64 = Debug|x64
		Debug|x86 = Debug|x86
		Release|x64 = Release|x64
		Release|x86 = Release|x86
	EndGlobalSection
	GlobalSection(ProjectConfigurationPlatforms) = postSolution
		{24C6AFFF-FBC2-4C0E-A5A0-91B54C033A40}.Debug|x64.ActiveCfg = Debug|x64
		{24C6AFFF-FBC2-4C0E-A5A0-91B54C033A40}.Debug|x64.Build.0 = Debug|x64
		{24C6AFFF-FBC2-4C0E-A5A0-91B54C033A40}.Debug|x86.ActiveCfg = Debug|Win32
		{24C6AFFF-FBC2-4C0E-A5A0-91B54C033A40}.Debug|x86.Build.0 = Debug|Win32
		{24C6AFFF-FBC2-4C0E-A5A0-91B54C033A40}.Release|x64.ActiveCfg = Release|x64
		{24C6AFFF-FBC2-4C0E-A5A0-91B54C033A40}.Release|x64.Build.0 = Release|x64
		{24C6AFFF-FBC2-4C0E-A5A0-91B54C033A40}.Release|x86.ActiveCfg = Release|Win32
		{24C6AFFF-FBC2-4C0E-A5A0-91B54C033A40}.Release|x86.Build.0 = Release|Win32
	EndGlobalSection
	GlobalSection(SolutionProperties) = preSolution
		HideSolutionNode = FALSE
	EndGlobalSection
	GlobalSection(ExtensibilityGlobals) = postSolution
		SolutionGuid = {214E3147-F7B8-42D3-AD8C-B8012DD468A7}
	EndGlobalSection
EndGlobal
